// !$*UTF8*$!
{
	archiveVersion = 1;
	classes = {
	};
	objectVersion = 50;
	objects = {

/* Begin PBXBuildFile section */
		AFFB0656237BBDA500935DAA /* AppDelegate.m in Sources */ = {isa = PBXBuildFile; fileRef = AFFB0655237BBDA500935DAA /* AppDelegate.m */; };
		AFFB0659237BBDA500935DAA /* SceneDelegate.m in Sources */ = {isa = PBXBuildFile; fileRef = AFFB0658237BBDA500935DAA /* SceneDelegate.m */; };
		AFFB065C237BBDA500935DAA /* ViewController.m in Sources */ = {isa = PBXBuildFile; fileRef = AFFB065B237BBDA500935DAA /* ViewController.m */; };
		AFFB065F237BBDA500935DAA /* Main.storyboard in Resources */ = {isa = PBXBuildFile; fileRef = AFFB065D237BBDA500935DAA /* Main.storyboard */; };
		AFFB0661237BBDA600935DAA /* Assets.xcassets in Resources */ = {isa = PBXBuildFile; fileRef = AFFB0660237BBDA600935DAA /* Assets.xcassets */; };
		AFFB0664237BBDA600935DAA /* LaunchScreen.storyboard in Resources */ = {isa = PBXBuildFile; fileRef = AFFB0662237BBDA600935DAA /* LaunchScreen.storyboard */; };
		AFFB0667237BBDA600935DAA /* main.m in Sources */ = {isa = PBXBuildFile; fileRef = AFFB0666237BBDA600935DAA /* main.m */; };
/* End PBXBuildFile section */

/* Begin PBXFileReference section */
		AFFB0651237BBDA500935DAA /* DataTypesFloat.app */ = {isa = PBXFileReference; explicitFileType = wrapper.application; includeInIndex = 0; path = DataTypesFloat.app; sourceTree = BUILT_PRODUCTS_DIR; };
		AFFB0654237BBDA500935DAA /* AppDelegate.h */ = {isa = PBXFileReference; lastKnownFileType = sourcecode.c.h; path = AppDelegate.h; sourceTree = "<group>"; };
		AFFB0655237BBDA500935DAA /* AppDelegate.m */ = {isa = PBXFileReference; lastKnownFileType = sourcecode.c.objc; path = AppDelegate.m; sourceTree = "<group>"; };
		AFFB0657237BBDA500935DAA /* SceneDelegate.h */ = {isa = PBXFileReference; lastKnownFileType = sourcecode.c.h; path = SceneDelegate.h; sourceTree = "<group>"; };
		AFFB0658237BBDA500935DAA /* SceneDelegate.m */ = {isa = PBXFileReference; lastKnownFileType = sourcecode.c.objc; path = SceneDelegate.m; sourceTree = "<group>"; };
		AFFB065A237BBDA500935DAA /* ViewController.h */ = {isa = PBXFileReference; lastKnownFileType = sourcecode.c.h; path = ViewController.h; sourceTree = "<group>"; };
		AFFB065B237BBDA500935DAA /* ViewController.m */ = {isa = PBXFileReference; lastKnownFileType = sourcecode.c.objc; path = ViewController.m; sourceTree = "<group>"; };
		AFFB065E237BBDA500935DAA /* Base */ = {isa = PBXFileReference; lastKnownFileType = file.storyboard; name = Base; path = Base.lproj/Main.storyboard; sourceTree = "<group>"; };
		AFFB0660237BBDA600935DAA /* Assets.xcassets */ = {isa = PBXFileReference; lastKnownFileType = folder.assetcatalog; path = Assets.xcassets; sourceTree = "<group>"; };
		AFFB0663237BBDA600935DAA /* Base */ = {isa = PBXFileReference; lastKnownFileType = file.storyboard; name = Base; path = Base.lproj/LaunchScreen.storyboard; sourceTree = "<group>"; };
		AFFB0665237BBDA600935DAA /* Info.plist */ = {isa = PBXFileReference; lastKnownFileType = text.plist.xml; path = Info.plist; sourceTree = "<group>"; };
		AFFB0666237BBDA600935DAA /* main.m */ = {isa = PBXFileReference; lastKnownFileType = sourcecode.c.objc; path = main.m; sourceTree = "<group>"; };
/* End PBXFileReference section */

/* Begin PBXFrameworksBuildPhase section */
		AFFB064E237BBDA500935DAA /* Frameworks */ = {
			isa = PBXFrameworksBuildPhase;
			buildActionMask = 2147483647;
			files = (
			);
			runOnlyForDeploymentPostprocessing = 0;
		};
/* End PBXFrameworksBuildPhase section */

/* Begin PBXGroup section */
		AFFB0648237BBDA500935DAA = {
			isa = PBXGroup;
			children = (
				AFFB0653237BBDA500935DAA /* DataTypesFloat */,
				AFFB0652237BBDA500935DAA /* Products */,
			);
			sourceTree = "<group>";
		};
		AFFB0652237BBDA500935DAA /* Products */ = {
			isa = PBXGroup;
			children = (
				AFFB0651237BBDA500935DAA /* DataTypesFloat.app */,
			);
			name = Products;
			sourceTree = "<group>";
		};
		AFFB0653237BBDA500935DAA /* DataTypesFloat */ = {
			isa = PBXGroup;
			children = (
				AFFB0654237BBDA500935DAA /* AppDelegate.h */,
				AFFB0655237BBDA500935DAA /* AppDelegate.m */,
				AFFB0657237BBDA500935DAA /* SceneDelegate.h */,
				AFFB0658237BBDA500935DAA /* SceneDelegate.m */,
				AFFB065A237BBDA500935DAA /* ViewController.h */,
				AFFB065B237BBDA500935DAA /* ViewController.m */,
				AFFB065D237BBDA500935DAA /* Main.storyboard */,
				AFFB0660237BBDA600935DAA /* Assets.xcassets */,
				AFFB0662237BBDA600935DAA /* LaunchScreen.storyboard */,
				AFFB0665237BBDA600935DAA /* Info.plist */,
				AFFB0666237BBDA600935DAA /* main.m */,
			);
			path = DataTypesFloat;
			sourceTree = "<group>";
		};
/* End PBXGroup section */

/* Begin PBXNativeTarget section */
		AFFB0650237BBDA500935DAA /* DataTypesFloat */ = {
			isa = PBXNativeTarget;
			buildConfigurationList = AFFB066A237BBDA600935DAA /* Build configuration list for PBXNativeTarget "DataTypesFloat" */;
			buildPhases = (
				AFFB064D237BBDA500935DAA /* Sources */,
				AFFB064E237BBDA500935DAA /* Frameworks */,
				AFFB064F237BBDA500935DAA /* Resources */,
			);
			buildRules = (
			);
			dependencies = (
			);
			name = DataTypesFloat;
			productName = DataTypesFloat;
			productReference = AFFB0651237BBDA500935DAA /* DataTypesFloat.app */;
			productType = "com.apple.product-type.application";
		};
/* End PBXNativeTarget section */

/* Begin PBXProject section */
		AFFB0649237BBDA500935DAA /* Project object */ = {
			isa = PBXProject;
			attributes = {
				LastUpgradeCheck = 1110;
				ORGANIZATIONNAME = rafaeldelegate;
				TargetAttributes = {
					AFFB0650237BBDA500935DAA = {
						CreatedOnToolsVersion = 11.1;
					};
				};
			};
			buildConfigurationList = AFFB064C237BBDA500935DAA /* Build configuration list for PBXProject "DataTypesFloat" */;
			compatibilityVersion = "Xcode 9.3";
			developmentRegion = en;
			hasScannedForEncodings = 0;
			knownRegions = (
				en,
				Base,
			);
			mainGroup = AFFB0648237BBDA500935DAA;
			productRefGroup = AFFB0652237BBDA500935DAA /* Products */;
			projectDirPath = "";
			projectRoot = "";
			targets = (
				AFFB0650237BBDA500935DAA /* DataTypesFloat */,
			);
		};
/* End PBXProject section */

/* Begin PBXResourcesBuildPhase section */
		AFFB064F237BBDA500935DAA /* Resources */ = {
			isa = PBXResourcesBuildPhase;
			buildActionMask = 2147483647;
			files = (
				AFFB0664237BBDA600935DAA /* LaunchScreen.storyboard in Resources */,
				AFFB0661237BBDA600935DAA /* Assets.xcassets in Resources */,
				AFFB065F237BBDA500935DAA /* Main.storyboard in Resources */,
			);
			runOnlyForDeploymentPostprocessing = 0;
		};
/* End PBXResourcesBuildPhase section */

/* Begin PBXSourcesBuildPhase section */
		AFFB064D237BBDA500935DAA /* Sources */ = {
			isa = PBXSourcesBuildPhase;
			buildActionMask = 2147483647;
			files = (
				AFFB065C237BBDA500935DAA /* ViewController.m in Sources */,
				AFFB0656237BBDA500935DAA /* AppDelegate.m in Sources */,
				AFFB0667237BBDA600935DAA /* main.m in Sources */,
				AFFB0659237BBDA500935DAA /* SceneDelegate.m in Sources */,
			);
			runOnlyForDeploymentPostprocessing = 0;
		};
/* End PBXSourcesBuildPhase section */

/* Begin PBXVariantGroup section */
		AFFB065D237BBDA500935DAA /* Main.storyboard */ = {
			isa = PBXVariantGroup;
			children = (
				AFFB065E237BBDA500935DAA /* Base */,
			);
			name = Main.storyboard;
			sourceTree = "<group>";
		};
		AFFB0662237BBDA600935DAA /* LaunchScreen.storyboard */ = {
			isa = PBXVariantGroup;
			children = (
				AFFB0663237BBDA600935DAA /* Base */,
			);
			name = LaunchScreen.storyboard;
			sourceTree = "<group>";
		};
/* End PBXVariantGroup section */

/* Begin XCBuildConfiguration section */
		AFFB0668237BBDA600935DAA /* Debug */ = {
			isa = XCBuildConfiguration;
			buildSettings = {
				ALWAYS_SEARCH_USER_PATHS = NO;
				CLANG_ANALYZER_NONNULL = YES;
				CLANG_ANALYZER_NUMBER_OBJECT_CONVERSION = YES_AGGRESSIVE;
				CLANG_CXX_LANGUAGE_STANDARD = "gnu++14";
				CLANG_CXX_LIBRARY = "libc++";
				CLANG_ENABLE_MODULES = YES;
				CLANG_ENABLE_OBJC_ARC = YES;
				CLANG_ENABLE_OBJC_WEAK = YES;
				CLANG_WARN_BLOCK_CAPTURE_AUTORELEASING = YES;
				CLANG_WARN_BOOL_CONVERSION = YES;
				CLANG_WARN_COMMA = YES;
				CLANG_WARN_CONSTANT_CONVERSION = YES;
				CLANG_WARN_DEPRECATED_OBJC_IMPLEMENTATIONS = YES;
				CLANG_WARN_DIRECT_OBJC_ISA_USAGE = YES_ERROR;
				CLANG_WARN_DOCUMENTATION_COMMENTS = YES;
				CLANG_WARN_EMPTY_BODY = YES;
				CLANG_WARN_ENUM_CONVERSION = YES;
				CLANG_WARN_INFINITE_RECURSION = YES;
				CLANG_WARN_INT_CONVERSION = YES;
				CLANG_WARN_NON_LITERAL_NULL_CONVERSION = YES;
				CLANG_WARN_OBJC_IMPLICIT_RETAIN_SELF = YES;
				CLANG_WARN_OBJC_LITERAL_CONVERSION = YES;
				CLANG_WARN_OBJC_ROOT_CLASS = YES_ERROR;
				CLANG_WARN_RANGE_LOOP_ANALYSIS = YES;
				CLANG_WARN_STRICT_PROTOTYPES = YES;
				CLANG_WARN_SUSPICIOUS_MOVE = YES;
				CLANG_WARN_UNGUARDED_AVAILABILITY = YES_AGGRESSIVE;
				CLANG_WARN_UNREACHABLE_CODE = YES;
				CLANG_WARN__DUPLICATE_METHOD_MATCH = YES;
				COPY_PHASE_STRIP = NO;
				DEBUG_INFORMATION_FORMAT = dwarf;
				ENABLE_STRICT_OBJC_MSGSEND = YES;
				ENABLE_TESTABILITY = YES;
				GCC_C_LANGUAGE_STANDARD = gnu11;
				GCC_DYNAMIC_NO_PIC = NO;
				GCC_NO_COMMON_BLOCKS = YES;
				GCC_OPTIMIZATION_LEVEL = 0;
				GCC_PREPROCESSOR_DEFINITIONS = (
					"DEBUG=1",
					"$(inherited)",
				);
				GCC_WARN_64_TO_32_BIT_CONVERSION = YES;
				GCC_WARN_ABOUT_RETURN_TYPE = YES_ERROR;
				GCC_WARN_UNDECLARED_SELECTOR = YES;
				GCC_WARN_UNINITIALIZED_AUTOS = YES_AGGRESSIVE;
				GCC_WARN_UNUSED_FUNCTION = YES;
				GCC_WARN_UNUSED_VARIABLE = YES;
				IPHONEOS_DEPLOYMENT_TARGET = 13.1;
				MTL_ENABLE_DEBUG_INFO = INCLUDE_SOURCE;
				MTL_FAST_MATH = YES;
				ONLY_ACTIVE_ARCH = YES;
				SDKROOT = iphoneos;
			};
			name = Debug;
		};
		AFFB0669237BBDA600935DAA /* Release */ = {
			isa = XCBuildConfiguration;
			buildSettings = {
				ALWAYS_SEARCH_USER_PATHS = NO;
				CLANG_ANALYZER_NONNULL = YES;
				CLANG_ANALYZER_NUMBER_OBJECT_CONVERSION = YES_AGGRESSIVE;
				CLANG_CXX_LANGUAGE_STANDARD = "gnu++14";
				CLANG_CXX_LIBRARY = "libc++";
				CLANG_ENABLE_MODULES = YES;
				CLANG_ENABLE_OBJC_ARC = YES;
				CLANG_ENABLE_OBJC_WEAK = YES;
				CLANG_WARN_BLOCK_CAPTURE_AUTORELEASING = YES;
				CLANG_WARN_BOOL_CONVERSION = YES;
				CLANG_WARN_COMMA = YES;
				CLANG_WARN_CONSTANT_CONVERSION = YES;
				CLANG_WARN_DEPRECATED_OBJC_IMPLEMENTATIONS = YES;
				CLANG_WARN_DIRECT_OBJC_ISA_USAGE = YES_ERROR;
				CLANG_WARN_DOCUMENTATION_COMMENTS = YES;
				CLANG_WARN_EMPTY_BODY = YES;
				CLANG_WARN_ENUM_CONVERSION = YES;
				CLANG_WARN_INFINITE_RECURSION = YES;
				CLANG_WARN_INT_CONVERSION = YES;
				CLANG_WARN_NON_LITERAL_NULL_CONVERSION = YES;
				CLANG_WARN_OBJC_IMPLICIT_RETAIN_SELF = YES;
				CLANG_WARN_OBJC_LITERAL_CONVERSION = YES;
				CLANG_WARN_OBJC_ROOT_CLASS = YES_ERROR;
				CLANG_WARN_RANGE_LOOP_ANALYSIS = YES;
				CLANG_WARN_STRICT_PROTOTYPES = YES;
				CLANG_WARN_SUSPICIOUS_MOVE = YES;
				CLANG_WARN_UNGUARDED_AVAILABILITY = YES_AGGRESSIVE;
				CLANG_WARN_UNREACHABLE_CODE = YES;
				CLANG_WARN__DUPLICATE_METHOD_MATCH = YES;
				COPY_PHASE_STRIP = NO;
				DEBUG_INFORMATION_FORMAT = "dwarf-with-dsym";
				ENABLE_NS_ASSERTIONS = NO;
				ENABLE_STRICT_OBJC_MSGSEND = YES;
				GCC_C_LANGUAGE_STANDARD = gnu11;
				GCC_NO_COMMON_BLOCKS = YES;
				GCC_WARN_64_TO_32_BIT_CONVERSION = YES;
				GCC_WARN_ABOUT_RETURN_TYPE = YES_ERROR;
				GCC_WARN_UNDECLARED_SELECTOR = YES;
				GCC_WARN_UNINITIALIZED_AUTOS = YES_AGGRESSIVE;
				GCC_WARN_UNUSED_FUNCTION = YES;
				GCC_WARN_UNUSED_VARIABLE = YES;
				IPHONEOS_DEPLOYMENT_TARGET = 13.1;
				MTL_ENABLE_DEBUG_INFO = NO;
				MTL_FAST_MATH = YES;
				SDKROOT = iphoneos;
				VALIDATE_PRODUCT = YES;
			};
			name = Release;
		};
		AFFB066B237BBDA600935DAA /* Debug */ = {
			isa = XCBuildConfiguration;
			buildSettings = {
				ASSETCATALOG_COMPILER_APPICON_NAME = AppIcon;
				CODE_SIGN_STYLE = Automatic;
				INFOPLIST_FILE = DataTypesFloat/Info.plist;
				LD_RUNPATH_SEARCH_PATHS = (
					"$(inherited)",
					"@executable_path/Frameworks",
				);
				PRODUCT_BUNDLE_IDENTIFIER = "rafascalzo-com.guithub.DataTypesFloat";
				PRODUCT_NAME = "$(TARGET_NAME)";
				TARGETED_DEVICE_FAMILY = "1,2";
			};
			name = Debug;
		};
		AFFB066C237BBDA600935DAA /* Release */ = {
			isa = XCBuildConfiguration;
			buildSettings = {
				ASSETCATALOG_COMPILER_APPICON_NAME = AppIcon;
				CODE_SIGN_STYLE = Automatic;
				INFOPLIST_FILE = DataTypesFloat/Info.plist;
				LD_RUNPATH_SEARCH_PATHS = (
					"$(inherited)",
					"@executable_path/Frameworks",
				);
				PRODUCT_BUNDLE_IDENTIFIER = "rafascalzo-com.guithub.DataTypesFloat";
				PRODUCT_NAME = "$(TARGET_NAME)";
				TARGETED_DEVICE_FAMILY = "1,2";
			};
			name = Release;
		};
/* End XCBuildConfiguration section */

/* Begin XCConfigurationList section */
		AFFB064C237BBDA500935DAA /* Build configuration list for PBXProject "DataTypesFloat" */ = {
			isa = XCConfigurationList;
			buildConfigurations = (
				AFFB0668237BBDA600935DAA /* Debug */,
				AFFB0669237BBDA600935DAA /* Release */,
			);
			defaultConfigurationIsVisible = 0;
			defaultConfigurationName = Release;
		};
		AFFB066A237BBDA600935DAA /* Build configuration list for PBXNativeTarget "DataTypesFloat" */ = {
			isa = XCConfigurationList;
			buildConfigurations = (
				AFFB066B237BBDA600935DAA /* Debug */,
				AFFB066C237BBDA600935DAA /* Release */,
			);
			defaultConfigurationIsVisible = 0;
			defaultConfigurationName = Release;
		};
/* End XCConfigurationList section */
	};
	rootObject = AFFB0649237BBDA500935DAA /* Project object */;
}
